<?xml version="1.0" encoding="utf-8"?>
<Project ToolsVersion="4.0" xmlns="http://schemas.microsoft.com/developer/msbuild/2003">
  <ItemGroup>
    <Filter Include="Source Files">
      <UniqueIdentifier>{4FC737F1-C7A5-4376-A066-2A32D752A2FF}</UniqueIdentifier>
      <Extensions>cpp;c;cc;cxx;def;odl;idl;hpj;bat;asm;asmx</Extensions>
    </Filter>
    <Filter Include="Header Files">
      <UniqueIdentifier>{93995380-89BD-4b04-88EB-625FBE52EBFB}</UniqueIdentifier>
      <Extensions>h;hpp;hxx;hm;inl;inc;xsd</Extensions>
    </Filter>
    <Filter Include="Resource Files">
      <UniqueIdentifier>{67DA6AB6-F800-4c08-8B7A-83BB121AAD01}</UniqueIdentifier>
      <Extensions>rc;ico;cur;bmp;dlg;rc2;rct;bin;rgs;gif;jpg;jpeg;jpe;resx;tiff;tif;png;wav;mfcribbon-ms</Extensions>
    </Filter>
  </ItemGroup>
  <ItemGroup>
    <ClInclude Include="..\..\aldor\aldor\src\abcheck.h">
      <Filter>Header Files</Filter>
    </ClInclude>
    <ClInclude Include="..\..\aldor\aldor\src\ablogic.h">
      <Filter>Header Files</Filter>
    </ClInclude>
    <ClInclude Include="..\..\aldor\aldor\src\abnorm.h">
      <Filter>Header Files</Filter>
    </ClInclude>
    <ClInclude Include="..\..\aldor\aldor\src\abpretty.h">
      <Filter>Header Files</Filter>
    </ClInclude>
    <ClInclude Include="..\..\aldor\aldor\src\absub.h">
      <Filter>Header Files</Filter>
    </ClInclude>
    <ClInclude Include="..\..\aldor\aldor\src\absyn.h">
      <Filter>Header Files</Filter>
    </ClInclude>
    <ClInclude Include="..\..\aldor\aldor\src\abuse.h">
      <Filter>Header Files</Filter>
    </ClInclude>
    <ClInclude Include="..\..\aldor\aldor\src\archive.h">
      <Filter>Header Files</Filter>
    </ClInclude>
    <ClInclude Include="..\..\aldor\aldor\src\axl.h">
      <Filter>Header Files</Filter>
    </ClInclude>
    <ClInclude Include="..\..\aldor\aldor\src\axlcomp.h">
      <Filter>Header Files</Filter>
    </ClInclude>
    <ClInclude Include="..\..\aldor\aldor\src\axlgen.h">
      <Filter>Header Files</Filter>
    </ClInclude>
    <ClInclude Include="..\..\aldor\aldor\src\axlgen0.h">
      <Filter>Header Files</Filter>
    </ClInclude>
    <ClInclude Include="..\..\aldor\aldor\src\axlobs.h">
      <Filter>Header Files</Filter>
    </ClInclude>
    <ClInclude Include="..\..\aldor\aldor\src\axlphase.h">
      <Filter>Header Files</Filter>
    </ClInclude>
    <ClInclude Include="..\..\aldor\aldor\src\axlport.h">
      <Filter>Header Files</Filter>
    </ClInclude>
    <ClInclude Include="..\..\aldor\aldor\src\axltop.h">
      <Filter>Header Files</Filter>
    </ClInclude>
    <ClInclude Include="..\..\aldor\aldor\src\bigint.h">
      <Filter>Header Files</Filter>
    </ClInclude>
    <ClInclude Include="..\..\aldor\aldor\src\bitv.h">
      <Filter>Header Files</Filter>
    </ClInclude>
    <ClInclude Include="..\..\aldor\aldor\src\bloop.h">
      <Filter>Header Files</Filter>
    </ClInclude>
    <ClInclude Include="..\..\aldor\aldor\src\btree.h">
      <Filter>Header Files</Filter>
    </ClInclude>
    <ClInclude Include="..\..\aldor\aldor\src\buffer.h">
      <Filter>Header Files</Filter>
    </ClInclude>
    <ClInclude Include="..\..\aldor\aldor\src\ccode.h">
      <Filter>Header Files</Filter>
    </ClInclude>
    <ClInclude Include="..\..\aldor\aldor\src\ccomp.h">
      <Filter>Header Files</Filter>
    </ClInclude>
    <ClInclude Include="..\..\aldor\aldor\src\cconfig.h">
      <Filter>Header Files</Filter>
    </ClInclude>
    <ClInclude Include="..\..\aldor\aldor\src\cfgfile.h">
      <Filter>Header Files</Filter>
    </ClInclude>
    <ClInclude Include="..\..\aldor\aldor\src\cmdline.h">
      <Filter>Header Files</Filter>
    </ClInclude>
    <ClInclude Include="..\..\aldor\aldor\src\compcfg.h">
      <Filter>Header Files</Filter>
    </ClInclude>
    <ClInclude Include="..\..\aldor\aldor\src\compopt.h">
      <Filter>Header Files</Filter>
    </ClInclude>
    <ClInclude Include="..\..\aldor\aldor\src\comsg.h">
      <Filter>Header Files</Filter>
    </ClInclude>
    <ClInclude Include="..\..\aldor\aldor\src\comsgdb.h">
      <Filter>Header Files</Filter>
    </ClInclude>
    <ClInclude Include="..\..\aldor\aldor\src\cport.h">
      <Filter>Header Files</Filter>
    </ClInclude>
    <ClInclude Include="..\..\aldor\aldor\src\debug.h">
      <Filter>Header Files</Filter>
    </ClInclude>
    <ClInclude Include="..\..\aldor\aldor\src\depdag.h">
      <Filter>Header Files</Filter>
    </ClInclude>
    <ClInclude Include="..\..\aldor\aldor\src\dflow.h">
      <Filter>Header Files</Filter>
    </ClInclude>
    <ClInclude Include="..\..\aldor\aldor\src\dnf.h">
      <Filter>Header Files</Filter>
    </ClInclude>
    <ClInclude Include="..\..\aldor\aldor\src\doc.h">
      <Filter>Header Files</Filter>
    </ClInclude>
    <ClInclude Include="..\..\aldor\aldor\src\dword.h">
      <Filter>Header Files</Filter>
    </ClInclude>
    <ClInclude Include="..\..\aldor\aldor\src\editlevels.h">
      <Filter>Header Files</Filter>
    </ClInclude>
    <ClInclude Include="..\..\aldor\aldor\src\emit.h">
      <Filter>Header Files</Filter>
    </ClInclude>
    <ClInclude Include="..\..\aldor\aldor\src\fbox.h">
      <Filter>Header Files</Filter>
    </ClInclude>
    <ClInclude Include="..\..\aldor\aldor\src\file.h">
      <Filter>Header Files</Filter>
    </ClInclude>
    <ClInclude Include="..\..\aldor\aldor\src\fint.h">
      <Filter>Header Files</Filter>
    </ClInclude>
    <ClInclude Include="..\..\aldor\aldor\src\fintphase.h">
      <Filter>Header Files</Filter>
    </ClInclude>
    <ClInclude Include="..\..\aldor\aldor\src\flatten.h">
      <Filter>Header Files</Filter>
    </ClInclude>
    <ClInclude Include="..\..\aldor\aldor\src\flog.h">
      <Filter>Header Files</Filter>
    </ClInclude>
    <ClInclude Include="..\..\aldor\aldor\src\fluid.h">
      <Filter>Header Files</Filter>
    </ClInclude>
    <ClInclude Include="..\..\aldor\aldor\src\fname.h">
      <Filter>Header Files</Filter>
    </ClInclude>
    <ClInclude Include="..\..\aldor\aldor\src\foam.h">
      <Filter>Header Files</Filter>
    </ClInclude>
    <ClInclude Include="..\..\aldor\aldor\src\foamopt.h">
      <Filter>Header Files</Filter>
    </ClInclude>
    <ClInclude Include="..\..\aldor\aldor\src\foamsig.h">
      <Filter>Header Files</Filter>
    </ClInclude>
    <ClInclude Include="..\..\aldor\aldor\src\foam_c.h">
      <Filter>Header Files</Filter>
    </ClInclude>
    <ClInclude Include="..\..\aldor\aldor\src\foam_cfp.h">
      <Filter>Header Files</Filter>
    </ClInclude>
    <ClInclude Include="..\..\aldor\aldor\src\foam_i.h">
      <Filter>Header Files</Filter>
    </ClInclude>
    <ClInclude Include="..\..\aldor\aldor\src\forg.h">
      <Filter>Header Files</Filter>
    </ClInclude>
    <ClInclude Include="..\..\aldor\aldor\src\format.h">
      <Filter>Header Files</Filter>
    </ClInclude>
    <ClInclude Include="..\..\aldor\aldor\src\fortran.h">
      <Filter>Header Files</Filter>
    </ClInclude>
    <ClInclude Include="..\..\aldor\aldor\src\freevar.h">
      <Filter>Header Files</Filter>
    </ClInclude>
    <ClInclude Include="..\..\aldor\aldor\src\genc.h">
      <Filter>Header Files</Filter>
    </ClInclude>
    <ClInclude Include="..\..\aldor\aldor\src\gencpp.h">
      <Filter>Header Files</Filter>
    </ClInclude>
    <ClInclude Include="..\..\aldor\aldor\src\genfoam.h">
      <Filter>Header Files</Filter>
    </ClInclude>
    <ClInclude Include="..\..\aldor\aldor\src\genlisp.h">
      <Filter>Header Files</Filter>
    </ClInclude>
    <ClInclude Include="..\..\aldor\aldor\src\gf_add.h">
      <Filter>Header Files</Filter>
    </ClInclude>
    <ClInclude Include="..\..\aldor\aldor\src\gf_excpt.h">
      <Filter>Header Files</Filter>
    </ClInclude>
    <ClInclude Include="..\..\aldor\aldor\src\gf_fortran.h">
      <Filter>Header Files</Filter>
    </ClInclude>
    <ClInclude Include="..\..\aldor\aldor\src\gf_gener.h">
      <Filter>Header Files</Filter>
    </ClInclude>
    <ClInclude Include="..\..\aldor\aldor\src\gf_implicit.h">
      <Filter>Header Files</Filter>
    </ClInclude>
    <ClInclude Include="..\..\aldor\aldor\src\gf_imps.h">
      <Filter>Header Files</Filter>
    </ClInclude>
    <ClInclude Include="..\..\aldor\aldor\src\gf_prog.h">
      <Filter>Header Files</Filter>
    </ClInclude>
    <ClInclude Include="..\..\aldor\aldor\src\gf_reference.h">
      <Filter>Header Files</Filter>
    </ClInclude>
    <ClInclude Include="..\..\aldor\aldor\src\gf_rtime.h">
      <Filter>Header Files</Filter>
    </ClInclude>
    <ClInclude Include="..\..\aldor\aldor\src\gf_seq.h">
      <Filter>Header Files</Filter>
    </ClInclude>
    <ClInclude Include="..\..\aldor\aldor\src\gf_syme.h">
      <Filter>Header Files</Filter>
    </ClInclude>
    <ClInclude Include="..\..\aldor\aldor\src\gf_util.h">
      <Filter>Header Files</Filter>
    </ClInclude>
    <ClInclude Include="..\..\aldor\aldor\src\include.h">
      <Filter>Header Files</Filter>
    </ClInclude>
    <ClInclude Include="..\..\aldor\aldor\src\inlutil.h">
      <Filter>Header Files</Filter>
    </ClInclude>
    <ClInclude Include="..\..\aldor\aldor\src\intset.h">
      <Filter>Header Files</Filter>
    </ClInclude>
    <ClInclude Include="..\..\aldor\aldor\src\lib.h">
      <Filter>Header Files</Filter>
    </ClInclude>
    <ClInclude Include="..\..\aldor\aldor\src\linear.h">
      <Filter>Header Files</Filter>
    </ClInclude>
    <ClInclude Include="..\..\aldor\aldor\src\list.h">
      <Filter>Header Files</Filter>
    </ClInclude>
    <ClInclude Include="..\..\aldor\aldor\src\loops.h">
      <Filter>Header Files</Filter>
    </ClInclude>
    <ClInclude Include="..\..\aldor\aldor\src\macex.h">
      <Filter>Header Files</Filter>
    </ClInclude>
    <ClInclude Include="..\..\aldor\aldor\src\msg.h">
      <Filter>Header Files</Filter>
    </ClInclude>
    <ClInclude Include="..\..\aldor\aldor\src\of_argsub.h">
      <Filter>Header Files</Filter>
    </ClInclude>
    <ClInclude Include="..\..\aldor\aldor\src\of_cfold.h">
      <Filter>Header Files</Filter>
    </ClInclude>
    <ClInclude Include="..\..\aldor\aldor\src\of_comex.h">
      <Filter>Header Files</Filter>
    </ClInclude>
    <ClInclude Include="..\..\aldor\aldor\src\of_cprop.h">
      <Filter>Header Files</Filter>
    </ClInclude>
    <ClInclude Include="..\..\aldor\aldor\src\of_deada.h">
      <Filter>Header Files</Filter>
    </ClInclude>
    <ClInclude Include="..\..\aldor\aldor\src\of_deadv.h">
      <Filter>Header Files</Filter>
    </ClInclude>
    <ClInclude Include="..\..\aldor\aldor\src\of_emerg.h">
      <Filter>Header Files</Filter>
    </ClInclude>
    <ClInclude Include="..\..\aldor\aldor\src\of_env.h">
      <Filter>Header Files</Filter>
    </ClInclude>
    <ClInclude Include="..\..\aldor\aldor\src\of_hfold.h">
      <Filter>Header Files</Filter>
    </ClInclude>
    <ClInclude Include="..\..\aldor\aldor\src\of_inlin.h">
      <Filter>Header Files</Filter>
    </ClInclude>
    <ClInclude Include="..\..\aldor\aldor\src\of_jflow.h">
      <Filter>Header Files</Filter>
    </ClInclude>
    <ClInclude Include="..\..\aldor\aldor\src\of_killp.h">
      <Filter>Header Files</Filter>
    </ClInclude>
    <ClInclude Include="..\..\aldor\aldor\src\of_loops.h">
      <Filter>Header Files</Filter>
    </ClInclude>
    <ClInclude Include="..\..\aldor\aldor\src\of_peep.h">
      <Filter>Header Files</Filter>
    </ClInclude>
    <ClInclude Include="..\..\aldor\aldor\src\of_retyp.h">
      <Filter>Header Files</Filter>
    </ClInclude>
    <ClInclude Include="..\..\aldor\aldor\src\of_rrfmt.h">
      <Filter>Header Files</Filter>
    </ClInclude>
    <ClInclude Include="..\..\aldor\aldor\src\of_util.h">
      <Filter>Header Files</Filter>
    </ClInclude>
    <ClInclude Include="..\..\aldor\aldor\src\os_cms.c">
      <Filter>Source Files</Filter>
    </ClInclude>
    <ClInclude Include="..\..\aldor\aldor\src\os_dos.c">
      <Filter>Source Files</Filter>
    </ClInclude>
    <ClInclude Include="..\..\aldor\aldor\src\os_macosx_vm.c">
      <Filter>Source Files</Filter>
    </ClInclude>
    <ClInclude Include="..\..\aldor\aldor\src\os_macs7.c ">
      <Filter>Source Files</Filter>
    </ClInclude>
    <ClInclude Include="..\..\aldor\aldor\src\os_os2.c">
      <Filter>Source Files</Filter>
    </ClInclude>
    <ClInclude Include="..\..\aldor\aldor\src\os_unix.c">
      <Filter>Source Files</Filter>
    </ClInclude>
    <ClInclude Include="..\..\aldor\aldor\src\os_vms.c">
      <Filter>Source Files</Filter>
    </ClInclude>
    <ClInclude Include="..\..\aldor\aldor\src\os_win32.c">
      <Filter>Source Files</Filter>
    </ClInclude>
    <ClInclude Include="..\..\aldor\aldor\src\opsys.h">
      <Filter>Header Files</Filter>
    </ClInclude>
    <ClInclude Include="..\..\aldor\aldor\src\optcfg.h">
      <Filter>Header Files</Filter>
    </ClInclude>
    <ClInclude Include="..\..\aldor\aldor\src\optfoam.h">
      <Filter>Header Files</Filter>
    </ClInclude>
    <ClInclude Include="..\..\aldor\aldor\src\opttools.h">
      <Filter>Header Files</Filter>
    </ClInclude>
    <ClInclude Include="..\..\aldor\aldor\src\ostream.h">
      <Filter>Header Files</Filter>
    </ClInclude>
    <ClInclude Include="..\..\aldor\aldor\src\output.h">
      <Filter>Header Files</Filter>
    </ClInclude>
    <ClInclude Include="..\..\aldor\aldor\src\parseby.h">
      <Filter>Header Files</Filter>
    </ClInclude>
    <ClInclude Include="..\..\aldor\aldor\src\path.h">
      <Filter>Header Files</Filter>
    </ClInclude>
    <ClInclude Include="..\..\aldor\aldor\src\phase.h">
      <Filter>Header Files</Filter>
    </ClInclude>
    <ClInclude Include="..\..\aldor\aldor\src\platform.h">
      <Filter>Header Files</Filter>
    </ClInclude>
    <ClInclude Include="..\..\aldor\aldor\src\priq.h">
      <Filter>Header Files</Filter>
    </ClInclude>
    <ClInclude Include="..\..\aldor\aldor\src\scan.h">
      <Filter>Header Files</Filter>
    </ClInclude>
    <ClInclude Include="..\..\aldor\aldor\src\scobind.h">
      <Filter>Header Files</Filter>
    </ClInclude>
    <ClInclude Include="..\..\aldor\aldor\src\sefo.h">
      <Filter>Header Files</Filter>
    </ClInclude>
    <ClInclude Include="..\..\aldor\aldor\src\sexpr.h">
      <Filter>Header Files</Filter>
    </ClInclude>
    <ClInclude Include="..\..\aldor\aldor\src\simpl.h">
      <Filter>Header Files</Filter>
    </ClInclude>
    <ClInclude Include="..\..\aldor\aldor\src\spesym.h">
      <Filter>Header Files</Filter>
    </ClInclude>
    <ClInclude Include="..\..\aldor\aldor\src\srcline.h">
      <Filter>Header Files</Filter>
    </ClInclude>
    <ClInclude Include="..\..\aldor\aldor\src\srcpos.h">
      <Filter>Header Files</Filter>
    </ClInclude>
    <ClInclude Include="..\..\aldor\aldor\src\stab.h">
      <Filter>Header Files</Filter>
    </ClInclude>
    <ClInclude Include="..\..\aldor\aldor\src\stdc.h">
      <Filter>Header Files</Filter>
    </ClInclude>
    <ClInclude Include="..\..\aldor\aldor\src\store.h">
      <Filter>Header Files</Filter>
    </ClInclude>
    <ClInclude Include="..\..\aldor\aldor\src\strops.h">
      <Filter>Header Files</Filter>
    </ClInclude>
    <ClInclude Include="..\..\aldor\aldor\src\symbol.h">
      <Filter>Header Files</Filter>
    </ClInclude>
    <ClInclude Include="..\..\aldor\aldor\src\syme.h">
      <Filter>Header Files</Filter>
    </ClInclude>
    <ClInclude Include="..\..\aldor\aldor\src\syscmd.h">
      <Filter>Header Files</Filter>
    </ClInclude>
    <ClInclude Include="..\..\aldor\aldor\src\table.h">
      <Filter>Header Files</Filter>
    </ClInclude>
    <ClInclude Include="..\..\aldor\aldor\src\tconst.h">
      <Filter>Header Files</Filter>
    </ClInclude>
    <ClInclude Include="..\..\aldor\aldor\src\termtype.h">
      <Filter>Header Files</Filter>
    </ClInclude>
    <ClInclude Include="..\..\aldor\aldor\src\terror.h">
      <Filter>Header Files</Filter>
    </ClInclude>
    <ClInclude Include="..\..\aldor\aldor\src\test.h">
      <Filter>Header Files</Filter>
    </ClInclude>
    <ClInclude Include="..\..\aldor\aldor\src\textansi.h">
      <Filter>Header Files</Filter>
    </ClInclude>
    <ClInclude Include="..\..\aldor\aldor\src\textcolour.h">
      <Filter>Header Files</Filter>
    </ClInclude>
    <ClInclude Include="..\..\aldor\aldor\src\texthp.h">
      <Filter>Header Files</Filter>
    </ClInclude>
    <ClInclude Include="..\..\aldor\aldor\src\tfcond.h">
      <Filter>Header Files</Filter>
    </ClInclude>
    <ClInclude Include="..\..\aldor\aldor\src\tform.h">
      <Filter>Header Files</Filter>
    </ClInclude>
    <ClInclude Include="..\..\aldor\aldor\src\tfsat.h">
      <Filter>Header Files</Filter>
    </ClInclude>
    <ClInclude Include="..\..\aldor\aldor\src\timer.h">
      <Filter>Header Files</Filter>
    </ClInclude>
    <ClInclude Include="..\..\aldor\aldor\src\tinfer.h">
      <Filter>Header Files</Filter>
    </ClInclude>
    <ClInclude Include="..\..\aldor\aldor\src\ti_bup.h">
      <Filter>Header Files</Filter>
    </ClInclude>
    <ClInclude Include="..\..\aldor\aldor\src\ti_decl.h">
      <Filter>Header Files</Filter>
    </ClInclude>
    <ClInclude Include="..\..\aldor\aldor\src\ti_sef.h">
      <Filter>Header Files</Filter>
    </ClInclude>
    <ClInclude Include="..\..\aldor\aldor\src\ti_tdn.h">
      <Filter>Header Files</Filter>
    </ClInclude>
    <ClInclude Include="..\..\aldor\aldor\src\ti_top.h">
      <Filter>Header Files</Filter>
    </ClInclude>
    <ClInclude Include="..\..\aldor\aldor\src\token.h">
      <Filter>Header Files</Filter>
    </ClInclude>
    <ClInclude Include="..\..\aldor\aldor\src\tposs.h">
      <Filter>Header Files</Filter>
    </ClInclude>
    <ClInclude Include="..\..\aldor\aldor\src\tqual.h">
      <Filter>Header Files</Filter>
    </ClInclude>
    <ClInclude Include="..\..\aldor\aldor\src\usedef.h">
      <Filter>Header Files</Filter>
    </ClInclude>
    <ClInclude Include="..\..\aldor\aldor\src\util.h">
      <Filter>Header Files</Filter>
    </ClInclude>
    <ClInclude Include="..\..\aldor\aldor\src\version.h">
      <Filter>Header Files</Filter>
    </ClInclude>
    <ClInclude Include="..\..\aldor\aldor\src\xfloat.h">
      <Filter>Header Files</Filter>
    </ClInclude>
    <ClInclude Include="..\..\aldor\aldor\src\ctype.h0">
      <Filter>Header Files</Filter>
    </ClInclude>
    <ClInclude Include="..\..\aldor\aldor\src\unistd.h0">
      <Filter>Header Files</Filter>
    </ClInclude>
    <ClInclude Include="..\..\aldor\aldor\src\errno.h0">
      <Filter>Header Files</Filter>
    </ClInclude>
    <ClInclude Include="..\..\aldor\aldor\src\float.h0">
      <Filter>Header Files</Filter>
    </ClInclude>
    <ClInclude Include="..\..\aldor\aldor\src\limits.h0">
      <Filter>Header Files</Filter>
    </ClInclude>
    <ClInclude Include="..\..\aldor\aldor\src\locale.h0">
      <Filter>Header Files</Filter>
    </ClInclude>
    <ClInclude Include="..\..\aldor\aldor\src\math.h0">
      <Filter>Header Files</Filter>
    </ClInclude>
    <ClInclude Include="..\..\aldor\aldor\src\setjmp.h0">
      <Filter>Header Files</Filter>
    </ClInclude>
    <ClInclude Include="..\..\aldor\aldor\src\signal.h0">
      <Filter>Header Files</Filter>
    </ClInclude>
    <ClInclude Include="..\..\aldor\aldor\src\stdarg.h0">
      <Filter>Header Files</Filter>
    </ClInclude>
    <ClInclude Include="..\..\aldor\aldor\src\stddef.h0">
      <Filter>Header Files</Filter>
    </ClInclude>
    <ClInclude Include="..\..\aldor\aldor\src\stdio.h0">
      <Filter>Header Files</Filter>
    </ClInclude>
    <ClInclude Include="..\..\aldor\aldor\src\stdlib.h0">
      <Filter>Header Files</Filter>
    </ClInclude>
    <ClInclude Include="..\..\aldor\aldor\src\string.h0">
      <Filter>Header Files</Filter>
    </ClInclude>
    <ClInclude Include="..\..\aldor\aldor\src\time.h0">
      <Filter>Header Files</Filter>
    </ClInclude>
  </ItemGroup>
  <ItemGroup>
    <ClCompile Include="..\..\aldor\aldor\src\abcheck.c">
      <Filter>Source Files</Filter>
    </ClCompile>
    <ClCompile Include="..\..\aldor\aldor\src\ablogic.c">
      <Filter>Source Files</Filter>
    </ClCompile>
    <ClCompile Include="..\..\aldor\aldor\src\abnorm.c">
      <Filter>Source Files</Filter>
    </ClCompile>
    <ClCompile Include="..\..\aldor\aldor\src\abpretty.c">
      <Filter>Source Files</Filter>
    </ClCompile>
    <ClCompile Include="..\..\aldor\aldor\src\absub.c">
      <Filter>Source Files</Filter>
    </ClCompile>
    <ClCompile Include="..\..\aldor\aldor\src\absyn.c">
      <Filter>Source Files</Filter>
    </ClCompile>
    <ClCompile Include="..\..\aldor\aldor\src\abuse.c">
      <Filter>Source Files</Filter>
    </ClCompile>
    <ClCompile Include="..\..\aldor\aldor\src\archive.c">
      <Filter>Source Files</Filter>
    </ClCompile>
    <ClCompile Include="..\..\aldor\aldor\src\axl.c">
      <Filter>Source Files</Filter>
    </ClCompile>
    <ClCompile Include="..\..\aldor\aldor\src\axlcomp.c">
      <Filter>Source Files</Filter>
    </ClCompile>
    <ClCompile Include="..\..\aldor\aldor\src\axlobs.c">
      <Filter>Source Files</Filter>
    </ClCompile>
    <ClCompile Include="..\..\aldor\aldor\src\bigint.c">
      <Filter>Source Files</Filter>
    </ClCompile>
    <ClCompile Include="..\..\aldor\aldor\src\bigint_t.c">
      <Filter>Source Files</Filter>
    </ClCompile>
    <ClCompile Include="..\..\aldor\aldor\src\bitv.c">
      <Filter>Source Files</Filter>
    </ClCompile>
    <ClCompile Include="..\..\aldor\aldor\src\bitv_t.c">
      <Filter>Source Files</Filter>
    </ClCompile>
    <ClCompile Include="..\..\aldor\aldor\src\bloop.c">
      <Filter>Source Files</Filter>
    </ClCompile>
    <ClCompile Include="..\..\aldor\aldor\src\btree.c">
      <Filter>Source Files</Filter>
    </ClCompile>
    <ClCompile Include="..\..\aldor\aldor\src\btree_t.c">
      <Filter>Source Files</Filter>
    </ClCompile>
    <ClCompile Include="..\..\aldor\aldor\src\buffer.c">
      <Filter>Source Files</Filter>
    </ClCompile>
    <ClCompile Include="..\..\aldor\aldor\src\buffer_t.c">
      <Filter>Source Files</Filter>
    </ClCompile>
    <ClCompile Include="..\..\aldor\aldor\src\ccode.c">
      <Filter>Source Files</Filter>
    </ClCompile>
    <ClCompile Include="..\..\aldor\aldor\src\ccode_t.c">
      <Filter>Source Files</Filter>
    </ClCompile>
    <ClCompile Include="..\..\aldor\aldor\src\ccomp.c">
      <Filter>Source Files</Filter>
    </ClCompile>
    <ClCompile Include="..\..\aldor\aldor\src\cfgfile.c">
      <Filter>Source Files</Filter>
    </ClCompile>
    <ClCompile Include="..\..\aldor\aldor\src\cmdline.c">
      <Filter>Source Files</Filter>
    </ClCompile>
    <ClCompile Include="..\..\aldor\aldor\src\compcfg.c">
      <Filter>Source Files</Filter>
    </ClCompile>
    <ClCompile Include="..\..\aldor\aldor\src\compopt.c">
      <Filter>Source Files</Filter>
    </ClCompile>
    <ClCompile Include="..\..\aldor\aldor\src\comsg.c">
      <Filter>Source Files</Filter>
    </ClCompile>
    <ClCompile Include="..\..\aldor\aldor\src\comsgdb.c">
      <Filter>Source Files</Filter>
    </ClCompile>
    <ClCompile Include="..\..\aldor\aldor\src\cport.c">
      <Filter>Source Files</Filter>
    </ClCompile>
    <ClCompile Include="..\..\aldor\aldor\src\cport_t.c">
      <Filter>Source Files</Filter>
    </ClCompile>
    <ClCompile Include="..\..\aldor\aldor\src\debug.c">
      <Filter>Source Files</Filter>
    </ClCompile>
    <ClCompile Include="..\..\aldor\aldor\src\depdag.c">
      <Filter>Source Files</Filter>
    </ClCompile>
    <ClCompile Include="..\..\aldor\aldor\src\dflow.c">
      <Filter>Source Files</Filter>
    </ClCompile>
    <ClCompile Include="..\..\aldor\aldor\src\dnf.c">
      <Filter>Source Files</Filter>
    </ClCompile>
    <ClCompile Include="..\..\aldor\aldor\src\dnf_t.c">
      <Filter>Source Files</Filter>
    </ClCompile>
    <ClCompile Include="..\..\aldor\aldor\src\doc.c">
      <Filter>Source Files</Filter>
    </ClCompile>
    <ClCompile Include="..\..\aldor\aldor\src\dword.c">
      <Filter>Source Files</Filter>
    </ClCompile>
    <ClCompile Include="..\..\aldor\aldor\src\emit.c">
      <Filter>Source Files</Filter>
    </ClCompile>
    <ClCompile Include="..\..\aldor\aldor\src\fbox.c">
      <Filter>Source Files</Filter>
    </ClCompile>
    <ClCompile Include="..\..\aldor\aldor\src\file.c">
      <Filter>Source Files</Filter>
    </ClCompile>
    <ClCompile Include="..\..\aldor\aldor\src\file_t.c">
      <Filter>Source Files</Filter>
    </ClCompile>
    <ClCompile Include="..\..\aldor\aldor\src\fint.c">
      <Filter>Source Files</Filter>
    </ClCompile>
    <ClCompile Include="..\..\aldor\aldor\src\fintphase.c">
      <Filter>Source Files</Filter>
    </ClCompile>
    <ClCompile Include="..\..\aldor\aldor\src\flatten.c">
      <Filter>Source Files</Filter>
    </ClCompile>
    <ClCompile Include="..\..\aldor\aldor\src\float_t.c">
      <Filter>Source Files</Filter>
    </ClCompile>
    <ClCompile Include="..\..\aldor\aldor\src\flog.c">
      <Filter>Source Files</Filter>
    </ClCompile>
    <ClCompile Include="..\..\aldor\aldor\src\fluid.c">
      <Filter>Source Files</Filter>
    </ClCompile>
    <ClCompile Include="..\..\aldor\aldor\src\fluid_t.c">
      <Filter>Source Files</Filter>
    </ClCompile>
    <ClCompile Include="..\..\aldor\aldor\src\fname.c">
      <Filter>Source Files</Filter>
    </ClCompile>
    <ClCompile Include="..\..\aldor\aldor\src\fname_t.c">
      <Filter>Source Files</Filter>
    </ClCompile>
    <ClCompile Include="..\..\aldor\aldor\src\foam.c">
      <Filter>Source Files</Filter>
    </ClCompile>
    <ClCompile Include="..\..\aldor\aldor\src\foamopt.c">
      <Filter>Source Files</Filter>
    </ClCompile>
    <ClCompile Include="..\..\aldor\aldor\src\foamsig.c">
      <Filter>Source Files</Filter>
    </ClCompile>
    <ClCompile Include="..\..\aldor\aldor\src\foam_c.c">
      <Filter>Source Files</Filter>
    </ClCompile>
    <ClCompile Include="..\..\aldor\aldor\src\foam_cfp.c">
      <Filter>Source Files</Filter>
    </ClCompile>
    <ClCompile Include="..\..\aldor\aldor\src\foam_i.c">
      <Filter>Source Files</Filter>
    </ClCompile>
    <ClCompile Include="..\..\aldor\aldor\src\forg.c">
      <Filter>Source Files</Filter>
    </ClCompile>
    <ClCompile Include="..\..\aldor\aldor\src\format.c">
      <Filter>Source Files</Filter>
    </ClCompile>
    <ClCompile Include="..\..\aldor\aldor\src\format_t.c">
      <Filter>Source Files</Filter>
    </ClCompile>
    <ClCompile Include="..\..\aldor\aldor\src\fortran.c">
      <Filter>Source Files</Filter>
    </ClCompile>
    <ClCompile Include="..\..\aldor\aldor\src\freevar.c">
      <Filter>Source Files</Filter>
    </ClCompile>
    <ClCompile Include="..\..\aldor\aldor\src\genc.c">
      <Filter>Source Files</Filter>
    </ClCompile>
    <ClCompile Include="..\..\aldor\aldor\src\gencpp.c">
      <Filter>Source Files</Filter>
    </ClCompile>
    <ClCompile Include="..\..\aldor\aldor\src\genfoam.c">
      <Filter>Source Files</Filter>
    </ClCompile>
    <ClCompile Include="..\..\aldor\aldor\src\genlisp.c">
      <Filter>Source Files</Filter>
    </ClCompile>
    <ClCompile Include="..\..\aldor\aldor\src\gf_add.c">
      <Filter>Source Files</Filter>
    </ClCompile>
    <ClCompile Include="..\..\aldor\aldor\src\gf_excpt.c">
      <Filter>Source Files</Filter>
    </ClCompile>
    <ClCompile Include="..\..\aldor\aldor\src\gf_fortran.c">
      <Filter>Source Files</Filter>
    </ClCompile>
    <ClCompile Include="..\..\aldor\aldor\src\gf_gener.c">
      <Filter>Source Files</Filter>
    </ClCompile>
    <ClCompile Include="..\..\aldor\aldor\src\gf_implicit.c">
      <Filter>Source Files</Filter>
    </ClCompile>
    <ClCompile Include="..\..\aldor\aldor\src\gf_imps.c">
      <Filter>Source Files</Filter>
    </ClCompile>
    <ClCompile Include="..\..\aldor\aldor\src\gf_prog.c">
      <Filter>Source Files</Filter>
    </ClCompile>
    <ClCompile Include="..\..\aldor\aldor\src\gf_reference.c">
      <Filter>Source Files</Filter>
    </ClCompile>
    <ClCompile Include="..\..\aldor\aldor\src\gf_rtime.c">
      <Filter>Source Files</Filter>
    </ClCompile>
    <ClCompile Include="..\..\aldor\aldor\src\gf_seq.c">
      <Filter>Source Files</Filter>
    </ClCompile>
    <ClCompile Include="..\..\aldor\aldor\src\gf_syme.c">
      <Filter>Source Files</Filter>
    </ClCompile>
    <ClCompile Include="..\..\aldor\aldor\src\include.c">
      <Filter>Source Files</Filter>
    </ClCompile>
    <ClCompile Include="..\..\aldor\aldor\src\inlutil.c">
      <Filter>Source Files</Filter>
    </ClCompile>
    <ClCompile Include="..\..\aldor\aldor\src\intset.c">
      <Filter>Source Files</Filter>
    </ClCompile>
    <ClCompile Include="..\..\aldor\aldor\src\lib.c">
      <Filter>Source Files</Filter>
    </ClCompile>
    <ClCompile Include="..\..\aldor\aldor\src\linear.c">
      <Filter>Source Files</Filter>
    </ClCompile>
    <ClCompile Include="..\..\aldor\aldor\src\link_t.c">
      <Filter>Source Files</Filter>
    </ClCompile>
    <ClCompile Include="..\..\aldor\aldor\src\list.c">
      <Filter>Source Files</Filter>
    </ClCompile>
    <ClCompile Include="..\..\aldor\aldor\src\list_t.c">
      <Filter>Source Files</Filter>
    </ClCompile>
    <ClCompile Include="..\..\aldor\aldor\src\loops.c">
      <Filter>Source Files</Filter>
    </ClCompile>
    <ClCompile Include="..\..\aldor\aldor\src\macex.c">
      <Filter>Source Files</Filter>
    </ClCompile>
    <ClCompile Include="..\..\aldor\aldor\src\msg.c">
      <Filter>Source Files</Filter>
    </ClCompile>
    <ClCompile Include="..\..\aldor\aldor\src\msg_t.c">
      <Filter>Source Files</Filter>
    </ClCompile>
    <ClCompile Include="..\..\aldor\aldor\src\of_argsub.c">
      <Filter>Source Files</Filter>
    </ClCompile>
    <ClCompile Include="..\..\aldor\aldor\src\of_cfold.c">
      <Filter>Source Files</Filter>
    </ClCompile>
    <ClCompile Include="..\..\aldor\aldor\src\of_comex.c">
      <Filter>Source Files</Filter>
    </ClCompile>
    <ClCompile Include="..\..\aldor\aldor\src\of_cprop.c">
      <Filter>Source Files</Filter>
    </ClCompile>
    <ClCompile Include="..\..\aldor\aldor\src\of_deada.c">
      <Filter>Source Files</Filter>
    </ClCompile>
    <ClCompile Include="..\..\aldor\aldor\src\of_deadv.c">
      <Filter>Source Files</Filter>
    </ClCompile>
    <ClCompile Include="..\..\aldor\aldor\src\of_emerg.c">
      <Filter>Source Files</Filter>
    </ClCompile>
    <ClCompile Include="..\..\aldor\aldor\src\of_env.c">
      <Filter>Source Files</Filter>
    </ClCompile>
    <ClCompile Include="..\..\aldor\aldor\src\of_hfold.c">
      <Filter>Source Files</Filter>
    </ClCompile>
    <ClCompile Include="..\..\aldor\aldor\src\of_inlin.c">
      <Filter>Source Files</Filter>
    </ClCompile>
    <ClCompile Include="..\..\aldor\aldor\src\of_jflow.c">
      <Filter>Source Files</Filter>
    </ClCompile>
    <ClCompile Include="..\..\aldor\aldor\src\of_killp.c">
      <Filter>Source Files</Filter>
    </ClCompile>
    <ClCompile Include="..\..\aldor\aldor\src\of_loops.c">
      <Filter>Source Files</Filter>
    </ClCompile>
    <ClCompile Include="..\..\aldor\aldor\src\of_peep.c">
      <Filter>Source Files</Filter>
    </ClCompile>
    <ClCompile Include="..\..\aldor\aldor\src\of_retyp.c">
      <Filter>Source Files</Filter>
    </ClCompile>
    <ClCompile Include="..\..\aldor\aldor\src\of_rrfmt.c">
      <Filter>Source Files</Filter>
    </ClCompile>
    <ClCompile Include="..\..\aldor\aldor\src\of_util.c">
      <Filter>Source Files</Filter>
    </ClCompile>
    <ClCompile Include="..\..\aldor\aldor\src\opsys.c">
      <Filter>Source Files</Filter>
    </ClCompile>
    <ClCompile Include="..\..\aldor\aldor\src\opsys_t.c">
      <Filter>Source Files</Filter>
    </ClCompile>
    <ClCompile Include="..\..\aldor\aldor\src\optfoam.c">
      <Filter>Source Files</Filter>
    </ClCompile>
    <ClCompile Include="..\..\aldor\aldor\src\opttools.c">
      <Filter>Source Files</Filter>
    </ClCompile>
    <ClCompile Include="..\..\aldor\aldor\src\ostream.c">
      <Filter>Source Files</Filter>
    </ClCompile>
    <ClCompile Include="..\..\aldor\aldor\src\output.c">
      <Filter>Source Files</Filter>
    </ClCompile>
    <ClCompile Include="..\..\aldor\aldor\src\parseby.c">
      <Filter>Source Files</Filter>
    </ClCompile>
    <ClCompile Include="..\..\aldor\aldor\src\path.c">
      <Filter>Source Files</Filter>
    </ClCompile>
    <ClCompile Include="..\..\aldor\aldor\src\phase.c">
      <Filter>Source Files</Filter>
    </ClCompile>
    <ClCompile Include="..\..\aldor\aldor\src\priq.c">
      <Filter>Source Files</Filter>
    </ClCompile>
    <ClCompile Include="..\..\aldor\aldor\src\priq_t.c">
      <Filter>Source Files</Filter>
    </ClCompile>
    <ClCompile Include="..\..\aldor\aldor\src\scan.c">
      <Filter>Source Files</Filter>
    </ClCompile>
    <ClCompile Include="..\..\aldor\aldor\src\scobind.c">
      <Filter>Source Files</Filter>
    </ClCompile>
    <ClCompile Include="..\..\aldor\aldor\src\sefo.c">
      <Filter>Source Files</Filter>
    </ClCompile>
    <ClCompile Include="..\..\aldor\aldor\src\sexpr.c">
      <Filter>Source Files</Filter>
    </ClCompile>
    <ClCompile Include="..\..\aldor\aldor\src\simpl.c">
      <Filter>Source Files</Filter>
    </ClCompile>
    <ClCompile Include="..\..\aldor\aldor\src\spesym.c">
      <Filter>Source Files</Filter>
    </ClCompile>
    <ClCompile Include="..\..\aldor\aldor\src\srcline.c">
      <Filter>Source Files</Filter>
    </ClCompile>
    <ClCompile Include="..\..\aldor\aldor\src\srcpos.c">
      <Filter>Source Files</Filter>
    </ClCompile>
    <ClCompile Include="..\..\aldor\aldor\src\stab.c">
      <Filter>Source Files</Filter>
    </ClCompile>
    <ClCompile Include="..\..\aldor\aldor\src\stdc.c">
      <Filter>Source Files</Filter>
    </ClCompile>
    <ClCompile Include="..\..\aldor\aldor\src\store.c">
      <Filter>Source Files</Filter>
    </ClCompile>
    <ClCompile Include="..\..\aldor\aldor\src\store1_t.c">
      <Filter>Source Files</Filter>
    </ClCompile>
    <ClCompile Include="..\..\aldor\aldor\src\store2_t.c">
      <Filter>Source Files</Filter>
    </ClCompile>
    <ClCompile Include="..\..\aldor\aldor\src\store3_t.c">
      <Filter>Source Files</Filter>
    </ClCompile>
    <ClCompile Include="..\..\aldor\aldor\src\strops.c">
      <Filter>Source Files</Filter>
    </ClCompile>
    <ClCompile Include="..\..\aldor\aldor\src\strops_t.c">
      <Filter>Source Files</Filter>
    </ClCompile>
    <ClCompile Include="..\..\aldor\aldor\src\symbol.c">
      <Filter>Source Files</Filter>
    </ClCompile>
    <ClCompile Include="..\..\aldor\aldor\src\symbol_t.c">
      <Filter>Source Files</Filter>
    </ClCompile>
    <ClCompile Include="..\..\aldor\aldor\src\syme.c">
      <Filter>Source Files</Filter>
    </ClCompile>
    <ClCompile Include="..\..\aldor\aldor\src\syscmd.c">
      <Filter>Source Files</Filter>
    </ClCompile>
    <ClCompile Include="..\..\aldor\aldor\src\table.c">
      <Filter>Source Files</Filter>
    </ClCompile>
    <ClCompile Include="..\..\aldor\aldor\src\table_t.c">
      <Filter>Source Files</Filter>
    </ClCompile>
    <ClCompile Include="..\..\aldor\aldor\src\tconst.c">
      <Filter>Source Files</Filter>
    </ClCompile>
    <ClCompile Include="..\..\aldor\aldor\src\termtype.c">
      <Filter>Source Files</Filter>
    </ClCompile>
    <ClCompile Include="..\..\aldor\aldor\src\terror.c">
      <Filter>Source Files</Filter>
    </ClCompile>
    <ClCompile Include="..\..\aldor\aldor\src\test.c">
      <Filter>Source Files</Filter>
    </ClCompile>
    <ClCompile Include="..\..\aldor\aldor\src\textansi.c">
      <Filter>Source Files</Filter>
    </ClCompile>
    <ClCompile Include="..\..\aldor\aldor\src\textcolour.c">
      <Filter>Source Files</Filter>
    </ClCompile>
    <ClCompile Include="..\..\aldor\aldor\src\texthp.c">
      <Filter>Source Files</Filter>
    </ClCompile>
    <ClCompile Include="..\..\aldor\aldor\src\tfcond.c">
      <Filter>Source Files</Filter>
    </ClCompile>
    <ClCompile Include="..\..\aldor\aldor\src\tform.c">
      <Filter>Source Files</Filter>
    </ClCompile>
    <ClCompile Include="..\..\aldor\aldor\src\tfsat.c">
      <Filter>Source Files</Filter>
    </ClCompile>
    <ClCompile Include="..\..\aldor\aldor\src\timer.c">
      <Filter>Source Files</Filter>
    </ClCompile>
    <ClCompile Include="..\..\aldor\aldor\src\tinfer.c">
      <Filter>Source Files</Filter>
    </ClCompile>
    <ClCompile Include="..\..\aldor\aldor\src\ti_bup.c">
      <Filter>Source Files</Filter>
    </ClCompile>
    <ClCompile Include="..\..\aldor\aldor\src\ti_decl.c">
      <Filter>Source Files</Filter>
    </ClCompile>
    <ClCompile Include="..\..\aldor\aldor\src\ti_sef.c">
      <Filter>Source Files</Filter>
    </ClCompile>
    <ClCompile Include="..\..\aldor\aldor\src\ti_tdn.c">
      <Filter>Source Files</Filter>
    </ClCompile>
    <ClCompile Include="..\..\aldor\aldor\src\ti_top.c">
      <Filter>Source Files</Filter>
    </ClCompile>
    <ClCompile Include="..\..\aldor\aldor\src\token.c">
      <Filter>Source Files</Filter>
    </ClCompile>
    <ClCompile Include="..\..\aldor\aldor\src\tposs.c">
      <Filter>Source Files</Filter>
    </ClCompile>
    <ClCompile Include="..\..\aldor\aldor\src\tqual.c">
      <Filter>Source Files</Filter>
    </ClCompile>
    <ClCompile Include="..\..\aldor\aldor\src\usedef.c">
      <Filter>Source Files</Filter>
    </ClCompile>
    <ClCompile Include="..\..\aldor\aldor\src\util.c">
      <Filter>Source Files</Filter>
    </ClCompile>
    <ClCompile Include="..\..\aldor\aldor\src\util_t.c">
      <Filter>Source Files</Filter>
    </ClCompile>
    <ClCompile Include="..\..\aldor\aldor\src\version.c">
      <Filter>Source Files</Filter>
    </ClCompile>
    <ClCompile Include="..\..\aldor\aldor\src\xfloat.c">
      <Filter>Source Files</Filter>
    </ClCompile>
    <ClCompile Include="..\..\aldor\aldor\src\xfloat_t.c">
      <Filter>Source Files</Filter>
    </ClCompile>
  </ItemGroup>
</Project>