<?xml version="1.0" encoding="utf-8"?>
<Project ToolsVersion="4.0" xmlns="http://schemas.microsoft.com/developer/msbuild/2003">
  <ItemGroup>
    <Filter Include="Source Files">
      <UniqueIdentifier>{4FC737F1-C7A5-4376-A066-2A32D752A2FF}</UniqueIdentifier>
      <Extensions>cpp;c;cc;cxx;def;odl;idl;hpj;bat;asm;asmx</Extensions>
    </Filter>
    <Filter Include="Header Files">
      <UniqueIdentifier>{93995380-89BD-4b04-88EB-625FBE52EBFB}</UniqueIdentifier>
      <Extensions>h;hpp;hxx;hm;inl;inc;xsd</Extensions>
    </Filter>
    <Filter Include="Resource Files">
      <UniqueIdentifier>{67DA6AB6-F800-4c08-8B7A-83BB121AAD01}</UniqueIdentifier>
      <Extensions>rc;ico;cur;bmp;dlg;rc2;rct;bin;rgs;gif;jpg;jpeg;jpe;resx;tiff;tif;png;wav;mfcribbon-ms</Extensions>
    </Filter>
  </ItemGroup>
  <ItemGroup>
    <ClCompile Include="..\..\aldor\lib\axllib\src\uarray.c">
      <Filter>Source Files</Filter>
    </ClCompile>
    <ClCompile Include="..\..\aldor\lib\axllib\src\array.c">
      <Filter>Source Files</Filter>
    </ClCompile>
    <ClCompile Include="..\..\aldor\lib\axllib\src\axl_boolean.c">
      <Filter>Source Files</Filter>
    </ClCompile>
    <ClCompile Include="..\..\aldor\lib\axllib\src\axl_byte.c">
      <Filter>Source Files</Filter>
    </ClCompile>
    <ClCompile Include="..\..\aldor\lib\axllib\src\axl_char.c">
      <Filter>Source Files</Filter>
    </ClCompile>
    <ClCompile Include="..\..\aldor\lib\axllib\src\axl_float.c">
      <Filter>Source Files</Filter>
    </ClCompile>
    <ClCompile Include="..\..\aldor\lib\axllib\src\axlcat.c">
      <Filter>Source Files</Filter>
    </ClCompile>
    <ClCompile Include="..\..\aldor\lib\axllib\src\basic.c">
      <Filter>Source Files</Filter>
    </ClCompile>
    <ClCompile Include="..\..\aldor\lib\axllib\src\bpower.c">
      <Filter>Source Files</Filter>
    </ClCompile>
    <ClCompile Include="..\..\aldor\lib\axllib\src\complex.c">
      <Filter>Source Files</Filter>
    </ClCompile>
    <ClCompile Include="..\..\aldor\lib\axllib\src\debug.c">
      <Filter>Source Files</Filter>
    </ClCompile>
    <ClCompile Include="..\..\aldor\lib\axllib\src\dfloat.c">
      <Filter>Source Files</Filter>
    </ClCompile>
    <ClCompile Include="..\..\aldor\lib\axllib\src\efuns.c">
      <Filter>Source Files</Filter>
    </ClCompile>
    <ClCompile Include="..\..\aldor\lib\axllib\src\except.c">
      <Filter>Source Files</Filter>
    </ClCompile>
    <ClCompile Include="..\..\aldor\lib\axllib\src\file.c">
      <Filter>Source Files</Filter>
    </ClCompile>
    <ClCompile Include="..\..\aldor\lib\axllib\src\fmtout.c">
      <Filter>Source Files</Filter>
    </ClCompile>
    <ClCompile Include="..\..\aldor\lib\axllib\src\fname.c">
      <Filter>Source Files</Filter>
    </ClCompile>
    <ClCompile Include="..\..\aldor\lib\axllib\src\format.c">
      <Filter>Source Files</Filter>
    </ClCompile>
    <ClCompile Include="..\..\aldor\lib\axllib\src\fprint.c">
      <Filter>Source Files</Filter>
    </ClCompile>
    <ClCompile Include="..\..\aldor\lib\axllib\src\fstring.c">
      <Filter>Source Files</Filter>
    </ClCompile>
    <ClCompile Include="..\..\aldor\lib\axllib\src\gener.c">
      <Filter>Source Files</Filter>
    </ClCompile>
    <ClCompile Include="..\..\aldor\lib\axllib\src\hinteger.c">
      <Filter>Source Files</Filter>
    </ClCompile>
    <ClCompile Include="..\..\aldor\lib\axllib\src\ieeectl.c">
      <Filter>Source Files</Filter>
    </ClCompile>
    <ClCompile Include="..\..\aldor\lib\axllib\src\imod.c">
      <Filter>Source Files</Filter>
    </ClCompile>
    <ClCompile Include="..\..\aldor\lib\axllib\src\integer.c">
      <Filter>Source Files</Filter>
    </ClCompile>
    <ClCompile Include="..\..\aldor\lib\axllib\src\lang.c">
      <Filter>Source Files</Filter>
    </ClCompile>
    <ClCompile Include="..\..\aldor\lib\axllib\src\langx.c">
      <Filter>Source Files</Filter>
    </ClCompile>
    <ClCompile Include="..\..\aldor\lib\axllib\src\list2.c">
      <Filter>Source Files</Filter>
    </ClCompile>
    <ClCompile Include="..\..\aldor\lib\axllib\src\list.c">
      <Filter>Source Files</Filter>
    </ClCompile>
    <ClCompile Include="..\..\aldor\lib\axllib\src\machine.c">
      <Filter>Source Files</Filter>
    </ClCompile>
    <ClCompile Include="..\..\aldor\lib\axllib\src\object.c">
      <Filter>Source Files</Filter>
    </ClCompile>
    <ClCompile Include="..\..\aldor\lib\axllib\src\opsys.c">
      <Filter>Source Files</Filter>
    </ClCompile>
    <ClCompile Include="..\..\aldor\lib\axllib\src\oslow.c">
      <Filter>Source Files</Filter>
    </ClCompile>
    <ClCompile Include="..\..\aldor\lib\axllib\src\parray.c">
      <Filter>Source Files</Filter>
    </ClCompile>
    <ClCompile Include="..\..\aldor\lib\axllib\src\partial.c">
      <Filter>Source Files</Filter>
    </ClCompile>
    <ClCompile Include="..\..\aldor\lib\axllib\src\pfloat.c">
      <Filter>Source Files</Filter>
    </ClCompile>
    <ClCompile Include="..\..\aldor\lib\axllib\src\pkarray.c">
      <Filter>Source Files</Filter>
    </ClCompile>
    <ClCompile Include="..\..\aldor\lib\axllib\src\pointer.c">
      <Filter>Source Files</Filter>
    </ClCompile>
    <ClCompile Include="..\..\aldor\lib\axllib\src\ratio.c">
      <Filter>Source Files</Filter>
    </ClCompile>
    <ClCompile Include="..\..\aldor\lib\axllib\src\ref.c">
      <Filter>Source Files</Filter>
    </ClCompile>
    <ClCompile Include="..\..\aldor\lib\axllib\src\rtexns.c">
      <Filter>Source Files</Filter>
    </ClCompile>
    <ClCompile Include="..\..\aldor\lib\axllib\src\segment.c">
      <Filter>Source Files</Filter>
    </ClCompile>
    <ClCompile Include="..\..\aldor\lib\axllib\src\sfloat.c">
      <Filter>Source Files</Filter>
    </ClCompile>
    <ClCompile Include="..\..\aldor\lib\axllib\src\sinteger.c">
      <Filter>Source Files</Filter>
    </ClCompile>
    <ClCompile Include="..\..\aldor\lib\axllib\src\sort.c">
      <Filter>Source Files</Filter>
    </ClCompile>
    <ClCompile Include="..\..\aldor\lib\axllib\src\string.c">
      <Filter>Source Files</Filter>
    </ClCompile>
    <ClCompile Include="..\..\aldor\lib\axllib\src\table.c">
      <Filter>Source Files</Filter>
    </ClCompile>
    <ClCompile Include="..\..\aldor\lib\axllib\src\textread.c">
      <Filter>Source Files</Filter>
    </ClCompile>
    <ClCompile Include="..\..\aldor\lib\axllib\src\textwrit.c">
      <Filter>Source Files</Filter>
    </ClCompile>
    <ClCompile Include="..\..\aldor\lib\axllib\src\tuple.c">
      <Filter>Source Files</Filter>
    </ClCompile>
  </ItemGroup>
</Project>